
Microsoft Visual Studio Solution File, Format Version 12.00
# Visual Studio Version 17
VisualStudioVersion = 17.9.34728.123
MinimumVisualStudioVersion = 10.0.40219.1
Project("{FAE04EC0-301F-11D3-BF4B-00C04F79EFBC}") = "24.05", "24.05.csproj", "{D6B6B379-2F72-4559-80A7-BF98AE990D8E}"
EndProject
Global
	GlobalSection(SolutionConfigurationPlatforms) = preSolution
		Debug|Any CPU = Debug|Any CPU
		Release|Any CPU = Release|Any CPU
	EndGlobalSection
	GlobalSection(ProjectConfigurationPlatforms) = postSolution
		{D6B6B379-2F72-4559-80A7-BF98AE990D8E}.Debug|Any CPU.ActiveCfg = Debug|Any CPU
		{D6B6B379-2F72-4559-80A7-BF98AE990D8E}.Debug|Any CPU.Build.0 = Debug|Any CPU
		{D6B6B379-2F72-4559-80A7-BF98AE990D8E}.Release|Any CPU.ActiveCfg = Release|Any CPU
		{D6B6B379-2F72-4559-80A7-BF98AE990D8E}.Release|Any CPU.Build.0 = Release|Any CPU
	EndGlobalSection
	GlobalSection(SolutionProperties) = preSolution
		HideSolutionNode = FALSE
	EndGlobalSection
	GlobalSection(ExtensibilityGlobals) = postSolution
		SolutionGuid = {EF29B72D-8357-47A2-AEC5-9CEB4D887A97}
	EndGlobalSection
EndGlobal
